
Microsoft Visual Studio Solution File, Format Version 12.00
# Visual Studio Version 16
VisualStudioVersion = 16.0.30717.126
MinimumVisualStudioVersion = 10.0.40219.1
Project("{FAE04EC0-301F-11D3-BF4B-00C04F79EFBC}") = "FX2Writer", "FX2Writer.csproj", "{6E914065-7B2E-47C0-8189-B0A0CB758A2D}"
EndProject
Global
	GlobalSection(SolutionConfigurationPlatforms) = preSolution
		Debug|Any CPU = Debug|Any CPU
		Release|Any CPU = Release|Any CPU
	EndGlobalSection
	GlobalSection(ProjectConfigurationPlatforms) = postSolution
		{6E914065-7B2E-47C0-8189-B0A0CB758A2D}.Debug|Any CPU.ActiveCfg = Debug|Any CPU
		{6E914065-7B2E-47C0-8189-B0A0CB758A2D}.Debug|Any CPU.Build.0 = Debug|Any CPU
		{6E914065-7B2E-47C0-8189-B0A0CB758A2D}.Release|Any CPU.ActiveCfg = Release|Any CPU
		{6E914065-7B2E-47C0-8189-B0A0CB758A2D}.Release|Any CPU.Build.0 = Release|Any CPU
	EndGlobalSection
	GlobalSection(SolutionProperties) = preSolution
		HideSolutionNode = FALSE
	EndGlobalSection
	GlobalSection(ExtensibilityGlobals) = postSolution
		SolutionGuid = {B7AF0F94-13A8-49E0-AF78-5B8CB0BE6241}
	EndGlobalSection
EndGlobal
